<Solution>
  <Folder Name="/src/">
    <Project Path="src/Todo.Api/Todo.Api.csproj" />
    <Project Path="src/Todo.Contracts/Todo.Contracts.csproj" />
    <Project Path="src/Todo.Web/Todo.Web.csproj" />
  </Folder>
  <Folder Name="/tests/">
    <Project Path="tests/Todo.IntegrationTests/Todo.IntegrationTests.csproj" />
    <Project Path="tests/Todo.UnitTests/Todo.UnitTests.csproj" />
  </Folder>
</Solution>
